astuart.co/go-nzb v0.0.0-20151130213409-4af25f1cccf1 h1:nfeBmfaBIVljoHFOd8rhZ3rMzZ77vzw+RkRKaJ8HtVE=
astuart.co/go-nzb v0.0.0-20151130213409-4af25f1cccf1/go.mod h1:UTVu5WEIY+PiE5lSSVI0jHv9iGsQDQnIEYGeGz/guaI=
astuart.co/goapis v0.0.0-20150726041445-71cf0c941b25 h1:Puv0XwV7aFoGMmrwzIeZmqqjd9UlObrQNq0Uu/uGaxQ=
astuart.co/goapis v0.0.0-20150726041445-71cf0c941b25/go.mod h1:GmqdQMGM2ROT2ZcYJ24zIWRw+lfh49iSMqAzdCR+xi0=
astuart.co/limio v0.0.0-20180925070603-17c081b6f2f5 h1:hZGYQqynijGPpMTv1A3FEzxfmaOJ39oksI7hGr0NjY0=
astuart.co/limio v0.0.0-20180925070603-17c081b6f2f5/go.mod h1:8+o8o9Wka9czNhZyxbvZTSeU8rCQHDlj+0TuHQBpCAM=
astuart.co/nntp v0.0.0-20151204031550-d0382e0d9241 h1:k2gtrN6p1ft50GlqDJkzIoIuC9aoyWtQDV5MXXzX5gA=
astuart.co/nntp v0.0.0-20151204031550-d0382e0d9241/go.mod h1:Gbj2kqvWAFrycq1akAszCBF0jNGLgsSfqm8rXu7xm+E=
astuart.co/yenc v0.0.0-20170416203906-3e21eb3f82a8 h1:OmSAHGjlHmUhX36tht+o0j1afpVAM1yrYKoP8NmG+Uw=
astuart.co/yenc v0.0.0-20170416203906-3e21eb3f82a8/go.mod h1:fW8S0mqI8HjsvOIq5TCB+ulFu8X5i4v9nFTVXtYfW3I=
github.com/andrewstuart/pool v0.0.0-20150425222649-3d2cc9c43044 h1:eRO7ggsOMC4Wp+BqHT8aSlN4A4Hc5ktRNxMA65wRytg=
github.com/andrewstuart/pool v0.0.0-20150425222649-3d2cc9c43044/go.mod h1:tzDSmmUwzkk877t6Jh47gUnLt1xS84gYKhSdHarp6wY=
github.com/golang/glog v0.0.0-20160126235308-23def4e6c14b h1:VKtxabqXZkF25pY9ekfRL6a582T4P37/31XEstQ5p58=
github.com/golang/glog v0.0.0-20160126235308-23def4e6c14b/go.mod h1:SBH7ygxi8pfUlaOkMMuAQtPIUF8ecWP5IEl/CR7VP2Q=
github.com/gorilla/mux v1.8.0 h1:i40aqfkR1h2SlN9hojwV5ZA91wcXFOvkdNIeFDP5koI=
github.com/gorilla/mux v1.8.0/go.mod h1:DVbg23sWSpFRCP0SfiEN6jmj59UnW/n46BH5rLB71So=
gopkg.in/check.v1 v0.0.0-20161208181325-20d25e280405/go.mod h1:Co6ibVJAznAaIkqp8huTwlJQCZ016jof/cbN4VW5Yz0=
gopkg.in/yaml.v2 v2.3.0 h1:clyUAQHOM3G0M3f5vQj7LuJrETvjVot3Z5el9nffUtU=
gopkg.in/yaml.v2 v2.3.0/go.mod h1:hI93XBmqTisBFMUTm0b8Fm+jr3Dg1NNxqwp+5A1VGuI=
